
Microsoft Visual Studio Solution File, Format Version 11.00
# Visual Studio 2010
Project("{F2A71F9B-5D33-465A-A702-920D77279786}") = "Furious", "Furious\Furious.fsproj", "{036B7BFF-DFEB-40B9-BD24-460588B0E820}"
EndProject
Project("{F2A71F9B-5D33-465A-A702-920D77279786}") = "Harness", "Harness\Harness.fsproj", "{AF30F8BA-3E16-4DE6-A786-84D28FED1759}"
EndProject
Project("{F2A71F9B-5D33-465A-A702-920D77279786}") = "Test", "Test\Test.fsproj", "{750E5244-446C-4540-9A41-B2CB3787E076}"
EndProject
Global
	GlobalSection(SolutionConfigurationPlatforms) = preSolution
		Debug|Any CPU = Debug|Any CPU
		Debug|Mixed Platforms = Debug|Mixed Platforms
		Debug|x86 = Debug|x86
		Release|Any CPU = Release|Any CPU
		Release|Mixed Platforms = Release|Mixed Platforms
		Release|x86 = Release|x86
	EndGlobalSection
	GlobalSection(ProjectConfigurationPlatforms) = postSolution
		{036B7BFF-DFEB-40B9-BD24-460588B0E820}.Debug|Any CPU.ActiveCfg = Debug|Any CPU
		{036B7BFF-DFEB-40B9-BD24-460588B0E820}.Debug|Any CPU.Build.0 = Debug|Any CPU
		{036B7BFF-DFEB-40B9-BD24-460588B0E820}.Debug|Mixed Platforms.ActiveCfg = Debug|Any CPU
		{036B7BFF-DFEB-40B9-BD24-460588B0E820}.Debug|Mixed Platforms.Build.0 = Debug|Any CPU
		{036B7BFF-DFEB-40B9-BD24-460588B0E820}.Debug|x86.ActiveCfg = Debug|Any CPU
		{036B7BFF-DFEB-40B9-BD24-460588B0E820}.Release|Any CPU.ActiveCfg = Release|Any CPU
		{036B7BFF-DFEB-40B9-BD24-460588B0E820}.Release|Any CPU.Build.0 = Release|Any CPU
		{036B7BFF-DFEB-40B9-BD24-460588B0E820}.Release|Mixed Platforms.ActiveCfg = Release|Any CPU
		{036B7BFF-DFEB-40B9-BD24-460588B0E820}.Release|Mixed Platforms.Build.0 = Release|Any CPU
		{036B7BFF-DFEB-40B9-BD24-460588B0E820}.Release|x86.ActiveCfg = Release|Any CPU
		{AF30F8BA-3E16-4DE6-A786-84D28FED1759}.Debug|Any CPU.ActiveCfg = Debug|x86
		{AF30F8BA-3E16-4DE6-A786-84D28FED1759}.Debug|Mixed Platforms.ActiveCfg = Debug|x86
		{AF30F8BA-3E16-4DE6-A786-84D28FED1759}.Debug|Mixed Platforms.Build.0 = Debug|x86
		{AF30F8BA-3E16-4DE6-A786-84D28FED1759}.Debug|x86.ActiveCfg = Debug|x86
		{AF30F8BA-3E16-4DE6-A786-84D28FED1759}.Debug|x86.Build.0 = Debug|x86
		{AF30F8BA-3E16-4DE6-A786-84D28FED1759}.Release|Any CPU.ActiveCfg = Release|x86
		{AF30F8BA-3E16-4DE6-A786-84D28FED1759}.Release|Mixed Platforms.ActiveCfg = Release|x86
		{AF30F8BA-3E16-4DE6-A786-84D28FED1759}.Release|Mixed Platforms.Build.0 = Release|x86
		{AF30F8BA-3E16-4DE6-A786-84D28FED1759}.Release|x86.ActiveCfg = Release|x86
		{AF30F8BA-3E16-4DE6-A786-84D28FED1759}.Release|x86.Build.0 = Release|x86
		{750E5244-446C-4540-9A41-B2CB3787E076}.Debug|Any CPU.ActiveCfg = Debug|Any CPU
		{750E5244-446C-4540-9A41-B2CB3787E076}.Debug|Any CPU.Build.0 = Debug|Any CPU
		{750E5244-446C-4540-9A41-B2CB3787E076}.Debug|Mixed Platforms.ActiveCfg = Debug|Any CPU
		{750E5244-446C-4540-9A41-B2CB3787E076}.Debug|Mixed Platforms.Build.0 = Debug|Any CPU
		{750E5244-446C-4540-9A41-B2CB3787E076}.Debug|x86.ActiveCfg = Debug|Any CPU
		{750E5244-446C-4540-9A41-B2CB3787E076}.Release|Any CPU.ActiveCfg = Release|Any CPU
		{750E5244-446C-4540-9A41-B2CB3787E076}.Release|Any CPU.Build.0 = Release|Any CPU
		{750E5244-446C-4540-9A41-B2CB3787E076}.Release|Mixed Platforms.ActiveCfg = Release|Any CPU
		{750E5244-446C-4540-9A41-B2CB3787E076}.Release|Mixed Platforms.Build.0 = Release|Any CPU
		{750E5244-446C-4540-9A41-B2CB3787E076}.Release|x86.ActiveCfg = Release|Any CPU
	EndGlobalSection
	GlobalSection(SolutionProperties) = preSolution
		HideSolutionNode = FALSE
	EndGlobalSection
EndGlobal
